
Microsoft Visual Studio Solution File, Format Version 12.00
# Visual Studio Version 17
VisualStudioVersion = 17.11.35219.272
MinimumVisualStudioVersion = 10.0.40219.1
Project("{FAE04EC0-301F-11D3-BF4B-00C04F79EFBC}") = "Prueba 2", "Prueba 2\Prueba 2.csproj", "{8BDF6A58-9623-470F-B521-6FCD46A5E825}"
EndProject
Global
	GlobalSection(SolutionConfigurationPlatforms) = preSolution
		Debug|Any CPU = Debug|Any CPU
		Release|Any CPU = Release|Any CPU
	EndGlobalSection
	GlobalSection(ProjectConfigurationPlatforms) = postSolution
		{8BDF6A58-9623-470F-B521-6FCD46A5E825}.Debug|Any CPU.ActiveCfg = Debug|Any CPU
		{8BDF6A58-9623-470F-B521-6FCD46A5E825}.Debug|Any CPU.Build.0 = Debug|Any CPU
		{8BDF6A58-9623-470F-B521-6FCD46A5E825}.Release|Any CPU.ActiveCfg = Release|Any CPU
		{8BDF6A58-9623-470F-B521-6FCD46A5E825}.Release|Any CPU.Build.0 = Release|Any CPU
	EndGlobalSection
	GlobalSection(SolutionProperties) = preSolution
		HideSolutionNode = FALSE
	EndGlobalSection
	GlobalSection(ExtensibilityGlobals) = postSolution
		SolutionGuid = {883E2495-D503-4EB5-BB99-EA394FDA041A}
	EndGlobalSection
EndGlobal
